
Microsoft Visual Studio Solution File, Format Version 12.00
# Visual Studio Version 17
VisualStudioVersion = 17.8.34212.112
MinimumVisualStudioVersion = 10.0.40219.1
Project("{9A19103F-16F7-4668-BE54-9A1E7A4F7556}") = "EfPractise.WEBUI", "EfPractise.WEBUI\EfPractise.WEBUI.csproj", "{FDFC642C-FAF2-43C5-836F-BD5210F2A28A}"
EndProject
Global
	GlobalSection(SolutionConfigurationPlatforms) = preSolution
		Debug|Any CPU = Debug|Any CPU
		Release|Any CPU = Release|Any CPU
	EndGlobalSection
	GlobalSection(ProjectConfigurationPlatforms) = postSolution
		{FDFC642C-FAF2-43C5-836F-BD5210F2A28A}.Debug|Any CPU.ActiveCfg = Debug|Any CPU
		{FDFC642C-FAF2-43C5-836F-BD5210F2A28A}.Debug|Any CPU.Build.0 = Debug|Any CPU
		{FDFC642C-FAF2-43C5-836F-BD5210F2A28A}.Release|Any CPU.ActiveCfg = Release|Any CPU
		{FDFC642C-FAF2-43C5-836F-BD5210F2A28A}.Release|Any CPU.Build.0 = Release|Any CPU
	EndGlobalSection
	GlobalSection(SolutionProperties) = preSolution
		HideSolutionNode = FALSE
	EndGlobalSection
	GlobalSection(ExtensibilityGlobals) = postSolution
		SolutionGuid = {E4E58C29-F193-42B0-A85D-6A66E4AB7C7C}
	EndGlobalSection
EndGlobal
